
Microsoft Visual Studio Solution File, Format Version 12.00
# Visual Studio Version 17
VisualStudioVersion = 17.6.33829.357
MinimumVisualStudioVersion = 10.0.40219.1
Project("{9A19103F-16F7-4668-BE54-9A1E7A4F7556}") = "Server", "Server\Server.csproj", "{6C64B6BD-85BF-4132-AFB6-8DC72174C58B}"
EndProject
Project("{9A19103F-16F7-4668-BE54-9A1E7A4F7556}") = "DTOs", "DTOs\DTOs.csproj", "{FA1AF561-948F-4CE4-857E-18A4F9FAC200}"
EndProject
Project("{FAE04EC0-301F-11D3-BF4B-00C04F79EFBC}") = "DomainFeatures", "DomainFeatures\DomainFeatures.csproj", "{FA7A6585-A640-421C-ABF0-3C39060094D2}"
EndProject
Global
	GlobalSection(SolutionConfigurationPlatforms) = preSolution
		Debug|Any CPU = Debug|Any CPU
		Release|Any CPU = Release|Any CPU
	EndGlobalSection
	GlobalSection(ProjectConfigurationPlatforms) = postSolution
		{6C64B6BD-85BF-4132-AFB6-8DC72174C58B}.Debug|Any CPU.ActiveCfg = Debug|Any CPU
		{6C64B6BD-85BF-4132-AFB6-8DC72174C58B}.Debug|Any CPU.Build.0 = Debug|Any CPU
		{6C64B6BD-85BF-4132-AFB6-8DC72174C58B}.Release|Any CPU.ActiveCfg = Release|Any CPU
		{6C64B6BD-85BF-4132-AFB6-8DC72174C58B}.Release|Any CPU.Build.0 = Release|Any CPU
		{FA1AF561-948F-4CE4-857E-18A4F9FAC200}.Debug|Any CPU.ActiveCfg = Debug|Any CPU
		{FA1AF561-948F-4CE4-857E-18A4F9FAC200}.Debug|Any CPU.Build.0 = Debug|Any CPU
		{FA1AF561-948F-4CE4-857E-18A4F9FAC200}.Release|Any CPU.ActiveCfg = Release|Any CPU
		{FA1AF561-948F-4CE4-857E-18A4F9FAC200}.Release|Any CPU.Build.0 = Release|Any CPU
		{FA7A6585-A640-421C-ABF0-3C39060094D2}.Debug|Any CPU.ActiveCfg = Debug|Any CPU
		{FA7A6585-A640-421C-ABF0-3C39060094D2}.Debug|Any CPU.Build.0 = Debug|Any CPU
		{FA7A6585-A640-421C-ABF0-3C39060094D2}.Release|Any CPU.ActiveCfg = Release|Any CPU
		{FA7A6585-A640-421C-ABF0-3C39060094D2}.Release|Any CPU.Build.0 = Release|Any CPU
	EndGlobalSection
	GlobalSection(SolutionProperties) = preSolution
		HideSolutionNode = FALSE
	EndGlobalSection
	GlobalSection(ExtensibilityGlobals) = postSolution
		SolutionGuid = {A02DB64C-DBDE-44E1-9686-220EE105CF63}
	EndGlobalSection
EndGlobal
